
Microsoft Visual Studio Solution File, Format Version 12.00
# Visual Studio Version 16
VisualStudioVersion = 16.0.31129.286
MinimumVisualStudioVersion = 10.0.40219.1
Project("{FAE04EC0-301F-11D3-BF4B-00C04F79EFBC}") = "FR_1915_ListeTaches", "FR_1915_ListeTaches\FR_1915_ListeTaches.csproj", "{0DC965CE-8401-46EE-AF33-2691AED6E08F}"
EndProject
Project("{FAE04EC0-301F-11D3-BF4B-00C04F79EFBC}") = "FR_1915_ListeTachesTests", "FR_1915_ListeTachesTests\FR_1915_ListeTachesTests.csproj", "{A38423BF-2BF7-4001-84DE-4760156010C0}"
EndProject
Global
	GlobalSection(SolutionConfigurationPlatforms) = preSolution
		Debug|Any CPU = Debug|Any CPU
		Release|Any CPU = Release|Any CPU
	EndGlobalSection
	GlobalSection(ProjectConfigurationPlatforms) = postSolution
		{0DC965CE-8401-46EE-AF33-2691AED6E08F}.Debug|Any CPU.ActiveCfg = Debug|Any CPU
		{0DC965CE-8401-46EE-AF33-2691AED6E08F}.Debug|Any CPU.Build.0 = Debug|Any CPU
		{0DC965CE-8401-46EE-AF33-2691AED6E08F}.Release|Any CPU.ActiveCfg = Release|Any CPU
		{0DC965CE-8401-46EE-AF33-2691AED6E08F}.Release|Any CPU.Build.0 = Release|Any CPU
		{A38423BF-2BF7-4001-84DE-4760156010C0}.Debug|Any CPU.ActiveCfg = Debug|Any CPU
		{A38423BF-2BF7-4001-84DE-4760156010C0}.Debug|Any CPU.Build.0 = Debug|Any CPU
		{A38423BF-2BF7-4001-84DE-4760156010C0}.Release|Any CPU.ActiveCfg = Release|Any CPU
		{A38423BF-2BF7-4001-84DE-4760156010C0}.Release|Any CPU.Build.0 = Release|Any CPU
	EndGlobalSection
	GlobalSection(SolutionProperties) = preSolution
		HideSolutionNode = FALSE
	EndGlobalSection
	GlobalSection(ExtensibilityGlobals) = postSolution
		SolutionGuid = {39DEDBEE-7817-429B-9F3F-367B42F06BB3}
	EndGlobalSection
EndGlobal
