
Microsoft Visual Studio Solution File, Format Version 12.00
# Visual Studio 15
VisualStudioVersion = 15.0.27130.2036
MinimumVisualStudioVersion = 10.0.40219.1
Project("{FAE04EC0-301F-11D3-BF4B-00C04F79EFBC}") = "FR_1915_Numeration.Tests", "FR_1915_Numeration.Tests\FR_1915_Numeration.Tests.csproj", "{B93979EB-A6AB-4888-91E1-8B6A740F874A}"
EndProject
Project("{FAE04EC0-301F-11D3-BF4B-00C04F79EFBC}") = "FR_1915_Numeration", "FR_1915_Numeration\FR_1915_Numeration.csproj", "{7AA9EB99-5CEC-4B65-A34B-70BFCEE3BB49}"
EndProject
Global
	GlobalSection(SolutionConfigurationPlatforms) = preSolution
		Debug|Any CPU = Debug|Any CPU
		Release|Any CPU = Release|Any CPU
	EndGlobalSection
	GlobalSection(ProjectConfigurationPlatforms) = postSolution
		{B93979EB-A6AB-4888-91E1-8B6A740F874A}.Debug|Any CPU.ActiveCfg = Debug|Any CPU
		{B93979EB-A6AB-4888-91E1-8B6A740F874A}.Debug|Any CPU.Build.0 = Debug|Any CPU
		{B93979EB-A6AB-4888-91E1-8B6A740F874A}.Release|Any CPU.ActiveCfg = Release|Any CPU
		{B93979EB-A6AB-4888-91E1-8B6A740F874A}.Release|Any CPU.Build.0 = Release|Any CPU
		{7AA9EB99-5CEC-4B65-A34B-70BFCEE3BB49}.Debug|Any CPU.ActiveCfg = Debug|Any CPU
		{7AA9EB99-5CEC-4B65-A34B-70BFCEE3BB49}.Debug|Any CPU.Build.0 = Debug|Any CPU
		{7AA9EB99-5CEC-4B65-A34B-70BFCEE3BB49}.Release|Any CPU.ActiveCfg = Release|Any CPU
		{7AA9EB99-5CEC-4B65-A34B-70BFCEE3BB49}.Release|Any CPU.Build.0 = Release|Any CPU
	EndGlobalSection
	GlobalSection(SolutionProperties) = preSolution
		HideSolutionNode = FALSE
	EndGlobalSection
	GlobalSection(ExtensibilityGlobals) = postSolution
		SolutionGuid = {0AF3BE8F-CE7F-4D3E-9173-0800692C28C1}
	EndGlobalSection
EndGlobal
